
Microsoft Visual Studio Solution File, Format Version 12.00
# Visual Studio Version 16
VisualStudioVersion = 16.0.31613.86
MinimumVisualStudioVersion = 10.0.40219.1
Project("{FAE04EC0-301F-11D3-BF4B-00C04F79EFBC}") = "2023_12_13__Lista", "2023_12_13__Lista\2023_12_13__Lista.csproj", "{B249183F-7B21-4B17-ADAF-15AF1AFE6BA9}"
EndProject
Global
	GlobalSection(SolutionConfigurationPlatforms) = preSolution
		Debug|Any CPU = Debug|Any CPU
		Release|Any CPU = Release|Any CPU
	EndGlobalSection
	GlobalSection(ProjectConfigurationPlatforms) = postSolution
		{B249183F-7B21-4B17-ADAF-15AF1AFE6BA9}.Debug|Any CPU.ActiveCfg = Debug|Any CPU
		{B249183F-7B21-4B17-ADAF-15AF1AFE6BA9}.Debug|Any CPU.Build.0 = Debug|Any CPU
		{B249183F-7B21-4B17-ADAF-15AF1AFE6BA9}.Release|Any CPU.ActiveCfg = Release|Any CPU
		{B249183F-7B21-4B17-ADAF-15AF1AFE6BA9}.Release|Any CPU.Build.0 = Release|Any CPU
	EndGlobalSection
	GlobalSection(SolutionProperties) = preSolution
		HideSolutionNode = FALSE
	EndGlobalSection
	GlobalSection(ExtensibilityGlobals) = postSolution
		SolutionGuid = {11F643B9-1956-4FD4-9B49-185D00A37D09}
	EndGlobalSection
EndGlobal
