
Microsoft Visual Studio Solution File, Format Version 12.00
# Visual Studio Version 16
VisualStudioVersion = 16.0.31613.86
MinimumVisualStudioVersion = 10.0.40219.1
Project("{FAE04EC0-301F-11D3-BF4B-00C04F79EFBC}") = "2024_03_14_Valasztasok", "2024_03_14_Valasztasok\2024_03_14_Valasztasok.csproj", "{379FE2F3-3F6A-4700-BFDF-3F63299DBF2E}"
EndProject
Global
	GlobalSection(SolutionConfigurationPlatforms) = preSolution
		Debug|Any CPU = Debug|Any CPU
		Release|Any CPU = Release|Any CPU
	EndGlobalSection
	GlobalSection(ProjectConfigurationPlatforms) = postSolution
		{379FE2F3-3F6A-4700-BFDF-3F63299DBF2E}.Debug|Any CPU.ActiveCfg = Debug|Any CPU
		{379FE2F3-3F6A-4700-BFDF-3F63299DBF2E}.Debug|Any CPU.Build.0 = Debug|Any CPU
		{379FE2F3-3F6A-4700-BFDF-3F63299DBF2E}.Release|Any CPU.ActiveCfg = Release|Any CPU
		{379FE2F3-3F6A-4700-BFDF-3F63299DBF2E}.Release|Any CPU.Build.0 = Release|Any CPU
	EndGlobalSection
	GlobalSection(SolutionProperties) = preSolution
		HideSolutionNode = FALSE
	EndGlobalSection
	GlobalSection(ExtensibilityGlobals) = postSolution
		SolutionGuid = {C0B459A9-A133-4917-9A8D-4620DD796F10}
	EndGlobalSection
EndGlobal
