
Microsoft Visual Studio Solution File, Format Version 12.00
# Visual Studio Version 16
VisualStudioVersion = 16.0.31613.86
MinimumVisualStudioVersion = 10.0.40219.1
Project("{FAE04EC0-301F-11D3-BF4B-00C04F79EFBC}") = "2024_02_15_MatrixToList", "2024_02_15_MatrixToList\2024_02_15_MatrixToList.csproj", "{35026606-A865-4014-A852-6498C492E5C7}"
EndProject
Global
	GlobalSection(SolutionConfigurationPlatforms) = preSolution
		Debug|Any CPU = Debug|Any CPU
		Release|Any CPU = Release|Any CPU
	EndGlobalSection
	GlobalSection(ProjectConfigurationPlatforms) = postSolution
		{35026606-A865-4014-A852-6498C492E5C7}.Debug|Any CPU.ActiveCfg = Debug|Any CPU
		{35026606-A865-4014-A852-6498C492E5C7}.Debug|Any CPU.Build.0 = Debug|Any CPU
		{35026606-A865-4014-A852-6498C492E5C7}.Release|Any CPU.ActiveCfg = Release|Any CPU
		{35026606-A865-4014-A852-6498C492E5C7}.Release|Any CPU.Build.0 = Release|Any CPU
	EndGlobalSection
	GlobalSection(SolutionProperties) = preSolution
		HideSolutionNode = FALSE
	EndGlobalSection
	GlobalSection(ExtensibilityGlobals) = postSolution
		SolutionGuid = {EEA64F2E-42B8-479A-A44F-32DD040BD0F4}
	EndGlobalSection
EndGlobal
