
Microsoft Visual Studio Solution File, Format Version 12.00
# Visual Studio Version 16
VisualStudioVersion = 16.0.31613.86
MinimumVisualStudioVersion = 10.0.40219.1
Project("{FAE04EC0-301F-11D3-BF4B-00C04F79EFBC}") = "2023_10_17_Gyakorlas", "2023_10_17_Gyakorlas\2023_10_17_Gyakorlas.csproj", "{903D7BD0-6694-4EA7-B2AE-6D1A333F640E}"
EndProject
Global
	GlobalSection(SolutionConfigurationPlatforms) = preSolution
		Debug|Any CPU = Debug|Any CPU
		Release|Any CPU = Release|Any CPU
	EndGlobalSection
	GlobalSection(ProjectConfigurationPlatforms) = postSolution
		{903D7BD0-6694-4EA7-B2AE-6D1A333F640E}.Debug|Any CPU.ActiveCfg = Debug|Any CPU
		{903D7BD0-6694-4EA7-B2AE-6D1A333F640E}.Debug|Any CPU.Build.0 = Debug|Any CPU
		{903D7BD0-6694-4EA7-B2AE-6D1A333F640E}.Release|Any CPU.ActiveCfg = Release|Any CPU
		{903D7BD0-6694-4EA7-B2AE-6D1A333F640E}.Release|Any CPU.Build.0 = Release|Any CPU
	EndGlobalSection
	GlobalSection(SolutionProperties) = preSolution
		HideSolutionNode = FALSE
	EndGlobalSection
	GlobalSection(ExtensibilityGlobals) = postSolution
		SolutionGuid = {F7E4C868-0550-4DA9-80A6-2C2F783A84D8}
	EndGlobalSection
EndGlobal
