
Microsoft Visual Studio Solution File, Format Version 12.00
# Visual Studio Version 16
VisualStudioVersion = 16.0.31613.86
MinimumVisualStudioVersion = 10.0.40219.1
Project("{FAE04EC0-301F-11D3-BF4B-00C04F79EFBC}") = "2024_01_11_GyakorlasKockadobas", "2024_01_11_GyakorlasKockadobas\2024_01_11_GyakorlasKockadobas.csproj", "{584C456E-8963-41F6-84D7-3E6FD9D80A07}"
EndProject
Global
	GlobalSection(SolutionConfigurationPlatforms) = preSolution
		Debug|Any CPU = Debug|Any CPU
		Release|Any CPU = Release|Any CPU
	EndGlobalSection
	GlobalSection(ProjectConfigurationPlatforms) = postSolution
		{584C456E-8963-41F6-84D7-3E6FD9D80A07}.Debug|Any CPU.ActiveCfg = Debug|Any CPU
		{584C456E-8963-41F6-84D7-3E6FD9D80A07}.Debug|Any CPU.Build.0 = Debug|Any CPU
		{584C456E-8963-41F6-84D7-3E6FD9D80A07}.Release|Any CPU.ActiveCfg = Release|Any CPU
		{584C456E-8963-41F6-84D7-3E6FD9D80A07}.Release|Any CPU.Build.0 = Release|Any CPU
	EndGlobalSection
	GlobalSection(SolutionProperties) = preSolution
		HideSolutionNode = FALSE
	EndGlobalSection
	GlobalSection(ExtensibilityGlobals) = postSolution
		SolutionGuid = {45B40EA2-486F-496C-8832-EEB823CC3C77}
	EndGlobalSection
EndGlobal
