
Microsoft Visual Studio Solution File, Format Version 12.00
# Visual Studio Version 16
VisualStudioVersion = 16.0.31613.86
MinimumVisualStudioVersion = 10.0.40219.1
Project("{FAE04EC0-301F-11D3-BF4B-00C04F79EFBC}") = "20024_01_25_Matrix", "20024_01_25_Matrix\20024_01_25_Matrix.csproj", "{B066F528-A41D-413A-BC95-CCA1750C3E09}"
EndProject
Global
	GlobalSection(SolutionConfigurationPlatforms) = preSolution
		Debug|Any CPU = Debug|Any CPU
		Release|Any CPU = Release|Any CPU
	EndGlobalSection
	GlobalSection(ProjectConfigurationPlatforms) = postSolution
		{B066F528-A41D-413A-BC95-CCA1750C3E09}.Debug|Any CPU.ActiveCfg = Debug|Any CPU
		{B066F528-A41D-413A-BC95-CCA1750C3E09}.Debug|Any CPU.Build.0 = Debug|Any CPU
		{B066F528-A41D-413A-BC95-CCA1750C3E09}.Release|Any CPU.ActiveCfg = Release|Any CPU
		{B066F528-A41D-413A-BC95-CCA1750C3E09}.Release|Any CPU.Build.0 = Release|Any CPU
	EndGlobalSection
	GlobalSection(SolutionProperties) = preSolution
		HideSolutionNode = FALSE
	EndGlobalSection
	GlobalSection(ExtensibilityGlobals) = postSolution
		SolutionGuid = {F5F001F1-645F-4883-AE2B-CF77547B9B1F}
	EndGlobalSection
EndGlobal
