
Microsoft Visual Studio Solution File, Format Version 12.00
# Visual Studio Version 16
VisualStudioVersion = 16.0.31613.86
MinimumVisualStudioVersion = 10.0.40219.1
Project("{FAE04EC0-301F-11D3-BF4B-00C04F79EFBC}") = "2023_11_08_Metodusok", "2023_11_08_Metodusok\2023_11_08_Metodusok.csproj", "{04847B20-5122-4482-BF68-87CA45F1699B}"
EndProject
Global
	GlobalSection(SolutionConfigurationPlatforms) = preSolution
		Debug|Any CPU = Debug|Any CPU
		Release|Any CPU = Release|Any CPU
	EndGlobalSection
	GlobalSection(ProjectConfigurationPlatforms) = postSolution
		{04847B20-5122-4482-BF68-87CA45F1699B}.Debug|Any CPU.ActiveCfg = Debug|Any CPU
		{04847B20-5122-4482-BF68-87CA45F1699B}.Debug|Any CPU.Build.0 = Debug|Any CPU
		{04847B20-5122-4482-BF68-87CA45F1699B}.Release|Any CPU.ActiveCfg = Release|Any CPU
		{04847B20-5122-4482-BF68-87CA45F1699B}.Release|Any CPU.Build.0 = Release|Any CPU
	EndGlobalSection
	GlobalSection(SolutionProperties) = preSolution
		HideSolutionNode = FALSE
	EndGlobalSection
	GlobalSection(ExtensibilityGlobals) = postSolution
		SolutionGuid = {D402D238-5FA3-477D-80FF-C68B1A0DE8E7}
	EndGlobalSection
EndGlobal
