
Microsoft Visual Studio Solution File, Format Version 12.00
# Visual Studio Version 16
VisualStudioVersion = 16.0.31613.86
MinimumVisualStudioVersion = 10.0.40219.1
Project("{FAE04EC0-301F-11D3-BF4B-00C04F79EFBC}") = "2023_09_13_Random_Math", "2023_09_13_Random_Math\2023_09_13_Random_Math.csproj", "{D2BA70DD-7BA6-4944-98C9-ACCD0A2451E2}"
EndProject
Global
	GlobalSection(SolutionConfigurationPlatforms) = preSolution
		Debug|Any CPU = Debug|Any CPU
		Release|Any CPU = Release|Any CPU
	EndGlobalSection
	GlobalSection(ProjectConfigurationPlatforms) = postSolution
		{D2BA70DD-7BA6-4944-98C9-ACCD0A2451E2}.Debug|Any CPU.ActiveCfg = Debug|Any CPU
		{D2BA70DD-7BA6-4944-98C9-ACCD0A2451E2}.Debug|Any CPU.Build.0 = Debug|Any CPU
		{D2BA70DD-7BA6-4944-98C9-ACCD0A2451E2}.Release|Any CPU.ActiveCfg = Release|Any CPU
		{D2BA70DD-7BA6-4944-98C9-ACCD0A2451E2}.Release|Any CPU.Build.0 = Release|Any CPU
	EndGlobalSection
	GlobalSection(SolutionProperties) = preSolution
		HideSolutionNode = FALSE
	EndGlobalSection
	GlobalSection(ExtensibilityGlobals) = postSolution
		SolutionGuid = {AF4842DF-4216-4EEA-B653-E5500DDB96EE}
	EndGlobalSection
EndGlobal
