
Microsoft Visual Studio Solution File, Format Version 12.00
# Visual Studio Version 16
VisualStudioVersion = 16.0.31613.86
MinimumVisualStudioVersion = 10.0.40219.1
Project("{FAE04EC0-301F-11D3-BF4B-00C04F79EFBC}") = "2024_03_05_Fajlbeolvasas", "2024_03_05_Fajlbeolvasas\2024_03_05_Fajlbeolvasas.csproj", "{25BC08FA-B8DD-4D7B-BED9-13658C222922}"
EndProject
Global
	GlobalSection(SolutionConfigurationPlatforms) = preSolution
		Debug|Any CPU = Debug|Any CPU
		Release|Any CPU = Release|Any CPU
	EndGlobalSection
	GlobalSection(ProjectConfigurationPlatforms) = postSolution
		{25BC08FA-B8DD-4D7B-BED9-13658C222922}.Debug|Any CPU.ActiveCfg = Debug|Any CPU
		{25BC08FA-B8DD-4D7B-BED9-13658C222922}.Debug|Any CPU.Build.0 = Debug|Any CPU
		{25BC08FA-B8DD-4D7B-BED9-13658C222922}.Release|Any CPU.ActiveCfg = Release|Any CPU
		{25BC08FA-B8DD-4D7B-BED9-13658C222922}.Release|Any CPU.Build.0 = Release|Any CPU
	EndGlobalSection
	GlobalSection(SolutionProperties) = preSolution
		HideSolutionNode = FALSE
	EndGlobalSection
	GlobalSection(ExtensibilityGlobals) = postSolution
		SolutionGuid = {C622BF19-9900-428C-BE79-7316C19E2EDC}
	EndGlobalSection
EndGlobal
