
Microsoft Visual Studio Solution File, Format Version 12.00
# Visual Studio Version 17
VisualStudioVersion = 17.14.36301.6 d17.14
MinimumVisualStudioVersion = 10.0.40219.1
Project("{FAE04EC0-301F-11D3-BF4B-00C04F79EFBC}") = "Allatgyogyaszat_GUI", "Allatgyogyaszat_GUI\Allatgyogyaszat_GUI.csproj", "{D284247F-BFA5-4632-9BD2-E757F1CCE3BB}"
EndProject
Global
	GlobalSection(SolutionConfigurationPlatforms) = preSolution
		Debug|Any CPU = Debug|Any CPU
		Release|Any CPU = Release|Any CPU
	EndGlobalSection
	GlobalSection(ProjectConfigurationPlatforms) = postSolution
		{D284247F-BFA5-4632-9BD2-E757F1CCE3BB}.Debug|Any CPU.ActiveCfg = Debug|Any CPU
		{D284247F-BFA5-4632-9BD2-E757F1CCE3BB}.Debug|Any CPU.Build.0 = Debug|Any CPU
		{D284247F-BFA5-4632-9BD2-E757F1CCE3BB}.Release|Any CPU.ActiveCfg = Release|Any CPU
		{D284247F-BFA5-4632-9BD2-E757F1CCE3BB}.Release|Any CPU.Build.0 = Release|Any CPU
	EndGlobalSection
	GlobalSection(SolutionProperties) = preSolution
		HideSolutionNode = FALSE
	EndGlobalSection
	GlobalSection(ExtensibilityGlobals) = postSolution
		SolutionGuid = {54EC6230-8C46-4422-B5D1-4E677297DBC4}
	EndGlobalSection
EndGlobal
