
Microsoft Visual Studio Solution File, Format Version 12.00
# Visual Studio Version 16
VisualStudioVersion = 16.0.31613.86
MinimumVisualStudioVersion = 10.0.40219.1
Project("{FAE04EC0-301F-11D3-BF4B-00C04F79EFBC}") = "2024_03_21_Szalloda", "2024_03_21_Szalloda\2024_03_21_Szalloda.csproj", "{C0A9329D-80DA-4FCE-A1FD-24996F58E2E2}"
EndProject
Global
	GlobalSection(SolutionConfigurationPlatforms) = preSolution
		Debug|Any CPU = Debug|Any CPU
		Release|Any CPU = Release|Any CPU
	EndGlobalSection
	GlobalSection(ProjectConfigurationPlatforms) = postSolution
		{C0A9329D-80DA-4FCE-A1FD-24996F58E2E2}.Debug|Any CPU.ActiveCfg = Debug|Any CPU
		{C0A9329D-80DA-4FCE-A1FD-24996F58E2E2}.Debug|Any CPU.Build.0 = Debug|Any CPU
		{C0A9329D-80DA-4FCE-A1FD-24996F58E2E2}.Release|Any CPU.ActiveCfg = Release|Any CPU
		{C0A9329D-80DA-4FCE-A1FD-24996F58E2E2}.Release|Any CPU.Build.0 = Release|Any CPU
	EndGlobalSection
	GlobalSection(SolutionProperties) = preSolution
		HideSolutionNode = FALSE
	EndGlobalSection
	GlobalSection(ExtensibilityGlobals) = postSolution
		SolutionGuid = {09F84FC0-F2CE-4ECB-A625-7414933BD5E6}
	EndGlobalSection
EndGlobal
