
Microsoft Visual Studio Solution File, Format Version 12.00
# Visual Studio Version 16
VisualStudioVersion = 16.0.31613.86
MinimumVisualStudioVersion = 10.0.40219.1
Project("{FAE04EC0-301F-11D3-BF4B-00C04F79EFBC}") = "2024_04_30_Harcos", "2024_04_30_Harcos\2024_04_30_Harcos.csproj", "{C60A1DDE-DDB0-462F-812F-DB319F55D6BD}"
EndProject
Global
	GlobalSection(SolutionConfigurationPlatforms) = preSolution
		Debug|Any CPU = Debug|Any CPU
		Release|Any CPU = Release|Any CPU
	EndGlobalSection
	GlobalSection(ProjectConfigurationPlatforms) = postSolution
		{C60A1DDE-DDB0-462F-812F-DB319F55D6BD}.Debug|Any CPU.ActiveCfg = Debug|Any CPU
		{C60A1DDE-DDB0-462F-812F-DB319F55D6BD}.Debug|Any CPU.Build.0 = Debug|Any CPU
		{C60A1DDE-DDB0-462F-812F-DB319F55D6BD}.Release|Any CPU.ActiveCfg = Release|Any CPU
		{C60A1DDE-DDB0-462F-812F-DB319F55D6BD}.Release|Any CPU.Build.0 = Release|Any CPU
	EndGlobalSection
	GlobalSection(SolutionProperties) = preSolution
		HideSolutionNode = FALSE
	EndGlobalSection
	GlobalSection(ExtensibilityGlobals) = postSolution
		SolutionGuid = {6B414ECA-4806-4398-A9AD-64EF7C6A59B5}
	EndGlobalSection
EndGlobal
